
Microsoft Visual Studio Solution File, Format Version 12.00
# Visual Studio Version 17
VisualStudioVersion = 17.14.36310.24 d17.14
MinimumVisualStudioVersion = 10.0.40219.1
Project("{2150E333-8FDC-42A3-9474-1A3956D46DE8}") = "Backend", "Backend", "{64A7CAB7-F9A9-49DB-AA11-68F5D8910D65}"
EndProject
Project("{FAE04EC0-301F-11D3-BF4B-00C04F79EFBC}") = "ROGraph.Backend", "Backend\src\ROGraph.Backend.csproj", "{4E1DD8A8-A40B-4B67-915C-A6F487B1E6FD}"
EndProject
Project("{FAE04EC0-301F-11D3-BF4B-00C04F79EFBC}") = "ROGraph.Backend.Tests", "Backend\tests\ROGraph.Backend.Tests.csproj", "{DE73A9B6-E35B-4862-B3A1-D7F3BDCAA581}"
EndProject
Project("{2150E333-8FDC-42A3-9474-1A3956D46DE8}") = "Shared", "Shared", "{31AF3817-D753-446D-B5B9-E243C414E048}"
EndProject
Project("{FAE04EC0-301F-11D3-BF4B-00C04F79EFBC}") = "ROGraph.Shared", "Shared\src\ROGraph.Shared.csproj", "{304E0B13-8750-4B6F-9A7A-2AB6E14A868D}"
EndProject
Project("{FAE04EC0-301F-11D3-BF4B-00C04F79EFBC}") = "ROGraph.Shared.Tests", "Shared\tests\ROGraph.Shared.Tests.csproj", "{390DE2A5-E8AE-4F1E-A5E4-4B2B2C5E88CC}"
EndProject
Global
	GlobalSection(SolutionConfigurationPlatforms) = preSolution
		Debug|Any CPU = Debug|Any CPU
		Release|Any CPU = Release|Any CPU
	EndGlobalSection
	GlobalSection(SolutionProperties) = preSolution
		HideSolutionNode = FALSE
	EndGlobalSection
	GlobalSection(ExtensibilityGlobals) = postSolution
		SolutionGuid = {FC94D73A-AA5F-4136-9FD7-AE2434086BD2}
	EndGlobalSection
	GlobalSection(ProjectConfigurationPlatforms) = postSolution
		{4E1DD8A8-A40B-4B67-915C-A6F487B1E6FD}.Debug|Any CPU.ActiveCfg = Debug|Any CPU
		{4E1DD8A8-A40B-4B67-915C-A6F487B1E6FD}.Debug|Any CPU.Build.0 = Debug|Any CPU
		{4E1DD8A8-A40B-4B67-915C-A6F487B1E6FD}.Release|Any CPU.ActiveCfg = Release|Any CPU
		{4E1DD8A8-A40B-4B67-915C-A6F487B1E6FD}.Release|Any CPU.Build.0 = Release|Any CPU
		{DE73A9B6-E35B-4862-B3A1-D7F3BDCAA581}.Debug|Any CPU.ActiveCfg = Debug|Any CPU
		{DE73A9B6-E35B-4862-B3A1-D7F3BDCAA581}.Debug|Any CPU.Build.0 = Debug|Any CPU
		{DE73A9B6-E35B-4862-B3A1-D7F3BDCAA581}.Release|Any CPU.ActiveCfg = Release|Any CPU
		{DE73A9B6-E35B-4862-B3A1-D7F3BDCAA581}.Release|Any CPU.Build.0 = Release|Any CPU
		{304E0B13-8750-4B6F-9A7A-2AB6E14A868D}.Debug|Any CPU.ActiveCfg = Debug|Any CPU
		{304E0B13-8750-4B6F-9A7A-2AB6E14A868D}.Debug|Any CPU.Build.0 = Debug|Any CPU
		{304E0B13-8750-4B6F-9A7A-2AB6E14A868D}.Release|Any CPU.ActiveCfg = Release|Any CPU
		{304E0B13-8750-4B6F-9A7A-2AB6E14A868D}.Release|Any CPU.Build.0 = Release|Any CPU
		{390DE2A5-E8AE-4F1E-A5E4-4B2B2C5E88CC}.Debug|Any CPU.ActiveCfg = Debug|Any CPU
		{390DE2A5-E8AE-4F1E-A5E4-4B2B2C5E88CC}.Debug|Any CPU.Build.0 = Debug|Any CPU
		{390DE2A5-E8AE-4F1E-A5E4-4B2B2C5E88CC}.Release|Any CPU.ActiveCfg = Release|Any CPU
		{390DE2A5-E8AE-4F1E-A5E4-4B2B2C5E88CC}.Release|Any CPU.Build.0 = Release|Any CPU
	EndGlobalSection
	GlobalSection(NestedProjects) = preSolution
		{4E1DD8A8-A40B-4B67-915C-A6F487B1E6FD} = {64A7CAB7-F9A9-49DB-AA11-68F5D8910D65}
		{DE73A9B6-E35B-4862-B3A1-D7F3BDCAA581} = {64A7CAB7-F9A9-49DB-AA11-68F5D8910D65}
		{304E0B13-8750-4B6F-9A7A-2AB6E14A868D} = {31AF3817-D753-446D-B5B9-E243C414E048}
		{390DE2A5-E8AE-4F1E-A5E4-4B2B2C5E88CC} = {31AF3817-D753-446D-B5B9-E243C414E048}
	EndGlobalSection
EndGlobal
